
Microsoft Visual Studio Solution File, Format Version 12.00
# Visual Studio Version 17
VisualStudioVersion = 17.3.32929.385
MinimumVisualStudioVersion = 10.0.40219.1
Project("{FAE04EC0-301F-11D3-BF4B-00C04F79EFBC}") = "insert-greatest-common-divisors-in-linked-list", "insert-greatest-common-divisors-in-linked-list\insert-greatest-common-divisors-in-linked-list.csproj", "{B36EF206-2383-46AA-8B0E-A550817FE26D}"
EndProject
Global
	GlobalSection(SolutionConfigurationPlatforms) = preSolution
		Debug|Any CPU = Debug|Any CPU
		Release|Any CPU = Release|Any CPU
	EndGlobalSection
	GlobalSection(ProjectConfigurationPlatforms) = postSolution
		{B36EF206-2383-46AA-8B0E-A550817FE26D}.Debug|Any CPU.ActiveCfg = Debug|Any CPU
		{B36EF206-2383-46AA-8B0E-A550817FE26D}.Debug|Any CPU.Build.0 = Debug|Any CPU
		{B36EF206-2383-46AA-8B0E-A550817FE26D}.Release|Any CPU.ActiveCfg = Release|Any CPU
		{B36EF206-2383-46AA-8B0E-A550817FE26D}.Release|Any CPU.Build.0 = Release|Any CPU
	EndGlobalSection
	GlobalSection(SolutionProperties) = preSolution
		HideSolutionNode = FALSE
	EndGlobalSection
	GlobalSection(ExtensibilityGlobals) = postSolution
		SolutionGuid = {D370EF98-2B64-4020-A68E-4BE4CAA44C5F}
	EndGlobalSection
EndGlobal
