
Microsoft Visual Studio Solution File, Format Version 12.00
# Visual Studio Version 17
VisualStudioVersion = 17.7.34031.279
MinimumVisualStudioVersion = 10.0.40219.1
Project("{FAE04EC0-301F-11D3-BF4B-00C04F79EFBC}") = "basic-calculator", "basic-calculator\basic-calculator.csproj", "{F045180F-0108-49A2-B313-253CCE0AC972}"
EndProject
Global
	GlobalSection(SolutionConfigurationPlatforms) = preSolution
		Debug|Any CPU = Debug|Any CPU
		Release|Any CPU = Release|Any CPU
	EndGlobalSection
	GlobalSection(ProjectConfigurationPlatforms) = postSolution
		{F045180F-0108-49A2-B313-253CCE0AC972}.Debug|Any CPU.ActiveCfg = Debug|Any CPU
		{F045180F-0108-49A2-B313-253CCE0AC972}.Debug|Any CPU.Build.0 = Debug|Any CPU
		{F045180F-0108-49A2-B313-253CCE0AC972}.Release|Any CPU.ActiveCfg = Release|Any CPU
		{F045180F-0108-49A2-B313-253CCE0AC972}.Release|Any CPU.Build.0 = Release|Any CPU
	EndGlobalSection
	GlobalSection(SolutionProperties) = preSolution
		HideSolutionNode = FALSE
	EndGlobalSection
	GlobalSection(ExtensibilityGlobals) = postSolution
		SolutionGuid = {66EB78A9-4EA9-473E-8C27-4BDB9935389D}
	EndGlobalSection
EndGlobal
