
Microsoft Visual Studio Solution File, Format Version 12.00
# Visual Studio Version 17
VisualStudioVersion = 17.3.32929.385
MinimumVisualStudioVersion = 10.0.40219.1
Project("{FAE04EC0-301F-11D3-BF4B-00C04F79EFBC}") = "csharp-median-of-two-sorted-arrays", "csharp-median-of-two-sorted-arrays\csharp-median-of-two-sorted-arrays.csproj", "{B05EECAD-A64C-4AC5-A558-925B5A56EED6}"
EndProject
Global
	GlobalSection(SolutionConfigurationPlatforms) = preSolution
		Debug|Any CPU = Debug|Any CPU
		Release|Any CPU = Release|Any CPU
	EndGlobalSection
	GlobalSection(ProjectConfigurationPlatforms) = postSolution
		{B05EECAD-A64C-4AC5-A558-925B5A56EED6}.Debug|Any CPU.ActiveCfg = Debug|Any CPU
		{B05EECAD-A64C-4AC5-A558-925B5A56EED6}.Debug|Any CPU.Build.0 = Debug|Any CPU
		{B05EECAD-A64C-4AC5-A558-925B5A56EED6}.Release|Any CPU.ActiveCfg = Release|Any CPU
		{B05EECAD-A64C-4AC5-A558-925B5A56EED6}.Release|Any CPU.Build.0 = Release|Any CPU
	EndGlobalSection
	GlobalSection(SolutionProperties) = preSolution
		HideSolutionNode = FALSE
	EndGlobalSection
	GlobalSection(ExtensibilityGlobals) = postSolution
		SolutionGuid = {082FF7ED-8499-43CD-98E0-721B70B3A9F1}
	EndGlobalSection
EndGlobal
