
Microsoft Visual Studio Solution File, Format Version 12.00
# Visual Studio Version 17
VisualStudioVersion = 17.7.34031.279
MinimumVisualStudioVersion = 10.0.40219.1
Project("{888888A0-9F3D-457C-B088-3A5042F75D52}") = "add-two-numbers", "add-two-numbers\add-two-numbers.pyproj", "{0B5936C9-D185-4496-B43E-68820B540634}"
EndProject
Global
	GlobalSection(SolutionConfigurationPlatforms) = preSolution
		Debug|Any CPU = Debug|Any CPU
		Release|Any CPU = Release|Any CPU
	EndGlobalSection
	GlobalSection(ProjectConfigurationPlatforms) = postSolution
		{0B5936C9-D185-4496-B43E-68820B540634}.Debug|Any CPU.ActiveCfg = Debug|Any CPU
		{0B5936C9-D185-4496-B43E-68820B540634}.Release|Any CPU.ActiveCfg = Release|Any CPU
	EndGlobalSection
	GlobalSection(SolutionProperties) = preSolution
		HideSolutionNode = FALSE
	EndGlobalSection
	GlobalSection(ExtensibilityGlobals) = postSolution
		SolutionGuid = {BFEDE8F0-8BCC-4F16-A71F-3EF72948A0C9}
	EndGlobalSection
EndGlobal
